// !$*UTF8*$!
{
	archiveVersion = 1;
	classes = {
	};
	objectVersion = 56;
	objects = {

/* Begin PBXBuildFile section */
		BA75AF2E2BFFAD780045D89B /* JgnKeluarApp.swift in Sources */ = {isa = PBXBuildFile; fileRef = BA75AF2D2BFFAD780045D89B /* JgnKeluarApp.swift */; };
		BA75AF302BFFAD780045D89B /* ContentView.swift in Sources */ = {isa = PBXBuildFile; fileRef = BA75AF2F2BFFAD780045D89B /* ContentView.swift */; };
		BA75AF322BFFAD790045D89B /* Assets.xcassets in Resources */ = {isa = PBXBuildFile; fileRef = BA75AF312BFFAD790045D89B /* Assets.xcassets */; };
		BA75AF352BFFAD790045D89B /* Preview Assets.xcassets in Resources */ = {isa = PBXBuildFile; fileRef = BA75AF342BFFAD790045D89B /* Preview Assets.xcassets */; };
		BA75AF3B2BFFAD790045D89B /* JgnKeluar Watch App.app in Embed Watch Content */ = {isa = PBXBuildFile; fileRef = BA75AF3A2BFFAD790045D89B /* JgnKeluar Watch App.app */; settings = {ATTRIBUTES = (RemoveHeadersOnCopy, ); }; };
		BA75AF402BFFAD790045D89B /* JgnKeluarApp.swift in Sources */ = {isa = PBXBuildFile; fileRef = BA75AF3F2BFFAD790045D89B /* JgnKeluarApp.swift */; };
		BA75AF422BFFAD790045D89B /* ContentView.swift in Sources */ = {isa = PBXBuildFile; fileRef = BA75AF412BFFAD790045D89B /* ContentView.swift */; };
		BA75AF442BFFAD7A0045D89B /* Assets.xcassets in Resources */ = {isa = PBXBuildFile; fileRef = BA75AF432BFFAD7A0045D89B /* Assets.xcassets */; };
		BA75AF472BFFAD7A0045D89B /* Preview Assets.xcassets in Resources */ = {isa = PBXBuildFile; fileRef = BA75AF462BFFAD7A0045D89B /* Preview Assets.xcassets */; };
		BA75AF522BFFADD70045D89B /* WatchConnector.swift in Sources */ = {isa = PBXBuildFile; fileRef = BA75AF512BFFADD70045D89B /* WatchConnector.swift */; };
		BA75AF572BFFAE960045D89B /* WatchToiOSConnector.swift in Sources */ = {isa = PBXBuildFile; fileRef = BA75AF562BFFAE960045D89B /* WatchToiOSConnector.swift */; };
		BA75AF5A2BFFB4C30045D89B /* WatchConnectivity.framework in Frameworks */ = {isa = PBXBuildFile; fileRef = BA75AF582BFFB4BF0045D89B /* WatchConnectivity.framework */; };
		BA75AF5D2BFFB4C70045D89B /* WatchConnectivity.framework in Frameworks */ = {isa = PBXBuildFile; fileRef = BA75AF542BFFAE210045D89B /* WatchConnectivity.framework */; };
		BA7E406C2C00514E00A90F86 /* locationScanner.swift in Sources */ = {isa = PBXBuildFile; fileRef = BA7E406B2C00514E00A90F86 /* locationScanner.swift */; };
		BA7E40752C0076ED00A90F86 /* AlertSounds.swift in Sources */ = {isa = PBXBuildFile; fileRef = BA7E40742C0076ED00A90F86 /* AlertSounds.swift */; };
		BA7E40762C0076ED00A90F86 /* AlertSounds.swift in Sources */ = {isa = PBXBuildFile; fileRef = BA7E40742C0076ED00A90F86 /* AlertSounds.swift */; };
		BA7E407B2C00771200A90F86 /* bombSiren.wav in Resources */ = {isa = PBXBuildFile; fileRef = BA7E40782C00771200A90F86 /* bombSiren.wav */; };
		BA7E407C2C00771200A90F86 /* bombSiren.wav in Resources */ = {isa = PBXBuildFile; fileRef = BA7E40782C00771200A90F86 /* bombSiren.wav */; };
		BA7E407D2C00771200A90F86 /* pedro.mp3 in Resources */ = {isa = PBXBuildFile; fileRef = BA7E40792C00771200A90F86 /* pedro.mp3 */; };
		BA7E407E2C00771200A90F86 /* pedro.mp3 in Resources */ = {isa = PBXBuildFile; fileRef = BA7E40792C00771200A90F86 /* pedro.mp3 */; };
		BA7E407F2C00771200A90F86 /* pedroTrimmed.mp3 in Resources */ = {isa = PBXBuildFile; fileRef = BA7E407A2C00771200A90F86 /* pedroTrimmed.mp3 */; };
		BA7E40802C00771200A90F86 /* pedroTrimmed.mp3 in Resources */ = {isa = PBXBuildFile; fileRef = BA7E407A2C00771200A90F86 /* pedroTrimmed.mp3 */; };
		BA7E40832C00775E00A90F86 /* BeaconScannerLogic.swift in Sources */ = {isa = PBXBuildFile; fileRef = BA7E40812C00775E00A90F86 /* BeaconScannerLogic.swift */; };
		BA7E40852C007E6C00A90F86 /* 15MinTimer.swift in Sources */ = {isa = PBXBuildFile; fileRef = BA7E40842C007E6C00A90F86 /* 15MinTimer.swift */; };
		BA7E40862C007E6C00A90F86 /* 15MinTimer.swift in Sources */ = {isa = PBXBuildFile; fileRef = BA7E40842C007E6C00A90F86 /* 15MinTimer.swift */; };
/* End PBXBuildFile section */

/* Begin PBXContainerItemProxy section */
		BA75AF3C2BFFAD790045D89B /* PBXContainerItemProxy */ = {
			isa = PBXContainerItemProxy;
			containerPortal = BA75AF222BFFAD780045D89B /* Project object */;
			proxyType = 1;
			remoteGlobalIDString = BA75AF392BFFAD790045D89B;
			remoteInfo = "JgnKeluar Watch App";
		};
/* End PBXContainerItemProxy section */

/* Begin PBXCopyFilesBuildPhase section */
		BA75AF4D2BFFAD7A0045D89B /* Embed Watch Content */ = {
			isa = PBXCopyFilesBuildPhase;
			buildActionMask = 2147483647;
			dstPath = "$(CONTENTS_FOLDER_PATH)/Watch";
			dstSubfolderSpec = 16;
			files = (
				BA75AF3B2BFFAD790045D89B /* JgnKeluar Watch App.app in Embed Watch Content */,
			);
			name = "Embed Watch Content";
			runOnlyForDeploymentPostprocessing = 0;
		};
/* End PBXCopyFilesBuildPhase section */

/* Begin PBXFileReference section */
		BA75AF2A2BFFAD780045D89B /* JgnKeluar.app */ = {isa = PBXFileReference; explicitFileType = wrapper.application; includeInIndex = 0; path = JgnKeluar.app; sourceTree = BUILT_PRODUCTS_DIR; };
		BA75AF2D2BFFAD780045D89B /* JgnKeluarApp.swift */ = {isa = PBXFileReference; lastKnownFileType = sourcecode.swift; path = JgnKeluarApp.swift; sourceTree = "<group>"; };
		BA75AF2F2BFFAD780045D89B /* ContentView.swift */ = {isa = PBXFileReference; lastKnownFileType = sourcecode.swift; path = ContentView.swift; sourceTree = "<group>"; };
		BA75AF312BFFAD790045D89B /* Assets.xcassets */ = {isa = PBXFileReference; lastKnownFileType = folder.assetcatalog; path = Assets.xcassets; sourceTree = "<group>"; };
		BA75AF342BFFAD790045D89B /* Preview Assets.xcassets */ = {isa = PBXFileReference; lastKnownFileType = folder.assetcatalog; path = "Preview Assets.xcassets"; sourceTree = "<group>"; };
		BA75AF3A2BFFAD790045D89B /* JgnKeluar Watch App.app */ = {isa = PBXFileReference; explicitFileType = wrapper.application; includeInIndex = 0; path = "JgnKeluar Watch App.app"; sourceTree = BUILT_PRODUCTS_DIR; };
		BA75AF3F2BFFAD790045D89B /* JgnKeluarApp.swift */ = {isa = PBXFileReference; lastKnownFileType = sourcecode.swift; path = JgnKeluarApp.swift; sourceTree = "<group>"; };
		BA75AF412BFFAD790045D89B /* ContentView.swift */ = {isa = PBXFileReference; lastKnownFileType = sourcecode.swift; path = ContentView.swift; sourceTree = "<group>"; };
		BA75AF432BFFAD7A0045D89B /* Assets.xcassets */ = {isa = PBXFileReference; lastKnownFileType = folder.assetcatalog; path = Assets.xcassets; sourceTree = "<group>"; };
		BA75AF462BFFAD7A0045D89B /* Preview Assets.xcassets */ = {isa = PBXFileReference; lastKnownFileType = folder.assetcatalog; path = "Preview Assets.xcassets"; sourceTree = "<group>"; };
		BA75AF512BFFADD70045D89B /* WatchConnector.swift */ = {isa = PBXFileReference; lastKnownFileType = sourcecode.swift; path = WatchConnector.swift; sourceTree = "<group>"; };
		BA75AF542BFFAE210045D89B /* WatchConnectivity.framework */ = {isa = PBXFileReference; lastKnownFileType = wrapper.framework; name = WatchConnectivity.framework; path = Platforms/WatchOS.platform/Developer/SDKs/WatchOS10.4.sdk/System/Library/Frameworks/WatchConnectivity.framework; sourceTree = DEVELOPER_DIR; };
		BA75AF562BFFAE960045D89B /* WatchToiOSConnector.swift */ = {isa = PBXFileReference; lastKnownFileType = sourcecode.swift; path = WatchToiOSConnector.swift; sourceTree = "<group>"; };
		BA75AF582BFFB4BF0045D89B /* WatchConnectivity.framework */ = {isa = PBXFileReference; lastKnownFileType = wrapper.framework; name = WatchConnectivity.framework; path = Platforms/iPhoneOS.platform/Developer/SDKs/iPhoneOS17.4.sdk/System/Library/Frameworks/WatchConnectivity.framework; sourceTree = DEVELOPER_DIR; };
		BA7E406B2C00514E00A90F86 /* locationScanner.swift */ = {isa = PBXFileReference; lastKnownFileType = sourcecode.swift; path = locationScanner.swift; sourceTree = "<group>"; };
		BA7E40742C0076ED00A90F86 /* AlertSounds.swift */ = {isa = PBXFileReference; lastKnownFileType = sourcecode.swift; path = AlertSounds.swift; sourceTree = "<group>"; };
		BA7E40782C00771200A90F86 /* bombSiren.wav */ = {isa = PBXFileReference; lastKnownFileType = audio.wav; name = bombSiren.wav; path = "../../../TestingWatch/TestingWatch Watch App/Sounds/bombSiren.wav"; sourceTree = "<group>"; };
		BA7E40792C00771200A90F86 /* pedro.mp3 */ = {isa = PBXFileReference; lastKnownFileType = audio.mp3; name = pedro.mp3; path = "../../../TestingWatch/TestingWatch Watch App/Sounds/pedro.mp3"; sourceTree = "<group>"; };
		BA7E407A2C00771200A90F86 /* pedroTrimmed.mp3 */ = {isa = PBXFileReference; lastKnownFileType = audio.mp3; name = pedroTrimmed.mp3; path = "../../../TestingWatch/TestingWatch Watch App/Sounds/pedroTrimmed.mp3"; sourceTree = "<group>"; };
		BA7E40812C00775E00A90F86 /* BeaconScannerLogic.swift */ = {isa = PBXFileReference; lastKnownFileType = sourcecode.swift; path = BeaconScannerLogic.swift; sourceTree = "<group>"; };
		BA7E40842C007E6C00A90F86 /* 15MinTimer.swift */ = {isa = PBXFileReference; lastKnownFileType = sourcecode.swift; path = 15MinTimer.swift; sourceTree = "<group>"; };
		BA7E408A2C01BA0600A90F86 /* Info.plist */ = {isa = PBXFileReference; lastKnownFileType = text.plist; path = Info.plist; sourceTree = "<group>"; };
		BA7E408B2C01BC9A00A90F86 /* JgnKeluar-Watch-App-Info.plist */ = {isa = PBXFileReference; lastKnownFileType = text.plist; path = "JgnKeluar-Watch-App-Info.plist"; sourceTree = SOURCE_ROOT; };
/* End PBXFileReference section */

/* Begin PBXFrameworksBuildPhase section */
		BA75AF272BFFAD780045D89B /* Frameworks */ = {
			isa = PBXFrameworksBuildPhase;
			buildActionMask = 2147483647;
			files = (
				BA75AF5A2BFFB4C30045D89B /* WatchConnectivity.framework in Frameworks */,
			);
			runOnlyForDeploymentPostprocessing = 0;
		};
		BA75AF372BFFAD790045D89B /* Frameworks */ = {
			isa = PBXFrameworksBuildPhase;
			buildActionMask = 2147483647;
			files = (
				BA75AF5D2BFFB4C70045D89B /* WatchConnectivity.framework in Frameworks */,
			);
			runOnlyForDeploymentPostprocessing = 0;
		};
/* End PBXFrameworksBuildPhase section */

/* Begin PBXGroup section */
		BA75AF212BFFAD780045D89B = {
			isa = PBXGroup;
			children = (
				BA75AF2C2BFFAD780045D89B /* JgnKeluar */,
				BA75AF3E2BFFAD790045D89B /* JgnKeluar Watch App */,
				BA75AF2B2BFFAD780045D89B /* Products */,
				BA75AF532BFFAE200045D89B /* Frameworks */,
			);
			sourceTree = "<group>";
		};
		BA75AF2B2BFFAD780045D89B /* Products */ = {
			isa = PBXGroup;
			children = (
				BA75AF2A2BFFAD780045D89B /* JgnKeluar.app */,
				BA75AF3A2BFFAD790045D89B /* JgnKeluar Watch App.app */,
			);
			name = Products;
			sourceTree = "<group>";
		};
		BA75AF2C2BFFAD780045D89B /* JgnKeluar */ = {
			isa = PBXGroup;
			children = (
				BA7E408A2C01BA0600A90F86 /* Info.plist */,
				BA75AF2D2BFFAD780045D89B /* JgnKeluarApp.swift */,
				BA75AF2F2BFFAD780045D89B /* ContentView.swift */,
				BA7E406B2C00514E00A90F86 /* locationScanner.swift */,
				BA75AF512BFFADD70045D89B /* WatchConnector.swift */,
				BA75AF312BFFAD790045D89B /* Assets.xcassets */,
				BA75AF332BFFAD790045D89B /* Preview Content */,
			);
			path = JgnKeluar;
			sourceTree = "<group>";
		};
		BA75AF332BFFAD790045D89B /* Preview Content */ = {
			isa = PBXGroup;
			children = (
				BA75AF342BFFAD790045D89B /* Preview Assets.xcassets */,
			);
			path = "Preview Content";
			sourceTree = "<group>";
		};
		BA75AF3E2BFFAD790045D89B /* JgnKeluar Watch App */ = {
			isa = PBXGroup;
			children = (
				BA7E408B2C01BC9A00A90F86 /* JgnKeluar-Watch-App-Info.plist */,
				BA7E40772C0076F400A90F86 /* SoundFiles */,
				BA75AF562BFFAE960045D89B /* WatchToiOSConnector.swift */,
				BA75AF3F2BFFAD790045D89B /* JgnKeluarApp.swift */,
				BA75AF412BFFAD790045D89B /* ContentView.swift */,
				BA7E40812C00775E00A90F86 /* BeaconScannerLogic.swift */,
				BA7E40742C0076ED00A90F86 /* AlertSounds.swift */,
				BA7E40842C007E6C00A90F86 /* 15MinTimer.swift */,
				BA75AF432BFFAD7A0045D89B /* Assets.xcassets */,
				BA75AF452BFFAD7A0045D89B /* Preview Content */,
			);
			path = "JgnKeluar Watch App";
			sourceTree = "<group>";
		};
		BA75AF452BFFAD7A0045D89B /* Preview Content */ = {
			isa = PBXGroup;
			children = (
				BA75AF462BFFAD7A0045D89B /* Preview Assets.xcassets */,
			);
			path = "Preview Content";
			sourceTree = "<group>";
		};
		BA75AF532BFFAE200045D89B /* Frameworks */ = {
			isa = PBXGroup;
			children = (
				BA75AF582BFFB4BF0045D89B /* WatchConnectivity.framework */,
				BA75AF542BFFAE210045D89B /* WatchConnectivity.framework */,
			);
			name = Frameworks;
			sourceTree = "<group>";
		};
		BA7E40772C0076F400A90F86 /* SoundFiles */ = {
			isa = PBXGroup;
			children = (
				BA7E40782C00771200A90F86 /* bombSiren.wav */,
				BA7E40792C00771200A90F86 /* pedro.mp3 */,
				BA7E407A2C00771200A90F86 /* pedroTrimmed.mp3 */,
			);
			path = SoundFiles;
			sourceTree = "<group>";
		};
/* End PBXGroup section */

/* Begin PBXNativeTarget section */
		BA75AF292BFFAD780045D89B /* JgnKeluar */ = {
			isa = PBXNativeTarget;
			buildConfigurationList = BA75AF4E2BFFAD7A0045D89B /* Build configuration list for PBXNativeTarget "JgnKeluar" */;
			buildPhases = (
				BA75AF262BFFAD780045D89B /* Sources */,
				BA75AF272BFFAD780045D89B /* Frameworks */,
				BA75AF282BFFAD780045D89B /* Resources */,
				BA75AF4D2BFFAD7A0045D89B /* Embed Watch Content */,
			);
			buildRules = (
			);
			dependencies = (
				BA75AF3D2BFFAD790045D89B /* PBXTargetDependency */,
			);
			name = JgnKeluar;
			productName = JgnKeluar;
			productReference = BA75AF2A2BFFAD780045D89B /* JgnKeluar.app */;
			productType = "com.apple.product-type.application";
		};
		BA75AF392BFFAD790045D89B /* JgnKeluar Watch App */ = {
			isa = PBXNativeTarget;
			buildConfigurationList = BA75AF4A2BFFAD7A0045D89B /* Build configuration list for PBXNativeTarget "JgnKeluar Watch App" */;
			buildPhases = (
				BA75AF362BFFAD790045D89B /* Sources */,
				BA75AF372BFFAD790045D89B /* Frameworks */,
				BA75AF382BFFAD790045D89B /* Resources */,
			);
			buildRules = (
			);
			dependencies = (
			);
			name = "JgnKeluar Watch App";
			productName = "JgnKeluar Watch App";
			productReference = BA75AF3A2BFFAD790045D89B /* JgnKeluar Watch App.app */;
			productType = "com.apple.product-type.application";
		};
/* End PBXNativeTarget section */

/* Begin PBXProject section */
		BA75AF222BFFAD780045D89B /* Project object */ = {
			isa = PBXProject;
			attributes = {
				BuildIndependentTargetsInParallel = 1;
				LastSwiftUpdateCheck = 1530;
				LastUpgradeCheck = 1530;
				TargetAttributes = {
					BA75AF292BFFAD780045D89B = {
						CreatedOnToolsVersion = 15.3;
					};
					BA75AF392BFFAD790045D89B = {
						CreatedOnToolsVersion = 15.3;
					};
				};
			};
			buildConfigurationList = BA75AF252BFFAD780045D89B /* Build configuration list for PBXProject "JgnKeluar" */;
			compatibilityVersion = "Xcode 14.0";
			developmentRegion = en;
			hasScannedForEncodings = 0;
			knownRegions = (
				en,
				Base,
			);
			mainGroup = BA75AF212BFFAD780045D89B;
			productRefGroup = BA75AF2B2BFFAD780045D89B /* Products */;
			projectDirPath = "";
			projectRoot = "";
			targets = (
				BA75AF292BFFAD780045D89B /* JgnKeluar */,
				BA75AF392BFFAD790045D89B /* JgnKeluar Watch App */,
			);
		};
/* End PBXProject section */

/* Begin PBXResourcesBuildPhase section */
		BA75AF282BFFAD780045D89B /* Resources */ = {
			isa = PBXResourcesBuildPhase;
			buildActionMask = 2147483647;
			files = (
				BA7E407B2C00771200A90F86 /* bombSiren.wav in Resources */,
				BA7E407F2C00771200A90F86 /* pedroTrimmed.mp3 in Resources */,
				BA7E407D2C00771200A90F86 /* pedro.mp3 in Resources */,
				BA75AF352BFFAD790045D89B /* Preview Assets.xcassets in Resources */,
				BA75AF322BFFAD790045D89B /* Assets.xcassets in Resources */,
			);
			runOnlyForDeploymentPostprocessing = 0;
		};
		BA75AF382BFFAD790045D89B /* Resources */ = {
			isa = PBXResourcesBuildPhase;
			buildActionMask = 2147483647;
			files = (
				BA7E407C2C00771200A90F86 /* bombSiren.wav in Resources */,
				BA7E40802C00771200A90F86 /* pedroTrimmed.mp3 in Resources */,
				BA7E407E2C00771200A90F86 /* pedro.mp3 in Resources */,
				BA75AF472BFFAD7A0045D89B /* Preview Assets.xcassets in Resources */,
				BA75AF442BFFAD7A0045D89B /* Assets.xcassets in Resources */,
			);
			runOnlyForDeploymentPostprocessing = 0;
		};
/* End PBXResourcesBuildPhase section */

/* Begin PBXSourcesBuildPhase section */
		BA75AF262BFFAD780045D89B /* Sources */ = {
			isa = PBXSourcesBuildPhase;
			buildActionMask = 2147483647;
			files = (
				BA75AF302BFFAD780045D89B /* ContentView.swift in Sources */,
				BA75AF522BFFADD70045D89B /* WatchConnector.swift in Sources */,
				BA7E40852C007E6C00A90F86 /* 15MinTimer.swift in Sources */,
				BA75AF2E2BFFAD780045D89B /* JgnKeluarApp.swift in Sources */,
				BA7E406C2C00514E00A90F86 /* locationScanner.swift in Sources */,
				BA7E40752C0076ED00A90F86 /* AlertSounds.swift in Sources */,
			);
			runOnlyForDeploymentPostprocessing = 0;
		};
		BA75AF362BFFAD790045D89B /* Sources */ = {
			isa = PBXSourcesBuildPhase;
			buildActionMask = 2147483647;
			files = (
				BA7E40762C0076ED00A90F86 /* AlertSounds.swift in Sources */,
				BA7E40832C00775E00A90F86 /* BeaconScannerLogic.swift in Sources */,
				BA7E40862C007E6C00A90F86 /* 15MinTimer.swift in Sources */,
				BA75AF572BFFAE960045D89B /* WatchToiOSConnector.swift in Sources */,
				BA75AF422BFFAD790045D89B /* ContentView.swift in Sources */,
				BA75AF402BFFAD790045D89B /* JgnKeluarApp.swift in Sources */,
			);
			runOnlyForDeploymentPostprocessing = 0;
		};
/* End PBXSourcesBuildPhase section */

/* Begin PBXTargetDependency section */
		BA75AF3D2BFFAD790045D89B /* PBXTargetDependency */ = {
			isa = PBXTargetDependency;
			target = BA75AF392BFFAD790045D89B /* JgnKeluar Watch App */;
			targetProxy = BA75AF3C2BFFAD790045D89B /* PBXContainerItemProxy */;
		};
/* End PBXTargetDependency section */

/* Begin XCBuildConfiguration section */
		BA75AF482BFFAD7A0045D89B /* Debug */ = {
			isa = XCBuildConfiguration;
			buildSettings = {
				ALWAYS_SEARCH_USER_PATHS = NO;
				ASSETCATALOG_COMPILER_GENERATE_SWIFT_ASSET_SYMBOL_EXTENSIONS = YES;
				CLANG_ANALYZER_NONNULL = YES;
				CLANG_ANALYZER_NUMBER_OBJECT_CONVERSION = YES_AGGRESSIVE;
				CLANG_CXX_LANGUAGE_STANDARD = "gnu++20";
				CLANG_ENABLE_MODULES = YES;
				CLANG_ENABLE_OBJC_ARC = YES;
				CLANG_ENABLE_OBJC_WEAK = YES;
				CLANG_WARN_BLOCK_CAPTURE_AUTORELEASING = YES;
				CLANG_WARN_BOOL_CONVERSION = YES;
				CLANG_WARN_COMMA = YES;
				CLANG_WARN_CONSTANT_CONVERSION = YES;
				CLANG_WARN_DEPRECATED_OBJC_IMPLEMENTATIONS = YES;
				CLANG_WARN_DIRECT_OBJC_ISA_USAGE = YES_ERROR;
				CLANG_WARN_DOCUMENTATION_COMMENTS = YES;
				CLANG_WARN_EMPTY_BODY = YES;
				CLANG_WARN_ENUM_CONVERSION = YES;
				CLANG_WARN_INFINITE_RECURSION = YES;
				CLANG_WARN_INT_CONVERSION = YES;
				CLANG_WARN_NON_LITERAL_NULL_CONVERSION = YES;
				CLANG_WARN_OBJC_IMPLICIT_RETAIN_SELF = YES;
				CLANG_WARN_OBJC_LITERAL_CONVERSION = YES;
				CLANG_WARN_OBJC_ROOT_CLASS = YES_ERROR;
				CLANG_WARN_QUOTED_INCLUDE_IN_FRAMEWORK_HEADER = YES;
				CLANG_WARN_RANGE_LOOP_ANALYSIS = YES;
				CLANG_WARN_STRICT_PROTOTYPES = YES;
				CLANG_WARN_SUSPICIOUS_MOVE = YES;
				CLANG_WARN_UNGUARDED_AVAILABILITY = YES_AGGRESSIVE;
				CLANG_WARN_UNREACHABLE_CODE = YES;
				CLANG_WARN__DUPLICATE_METHOD_MATCH = YES;
				COPY_PHASE_STRIP = NO;
				DEBUG_INFORMATION_FORMAT = dwarf;
				ENABLE_STRICT_OBJC_MSGSEND = YES;
				ENABLE_TESTABILITY = YES;
				ENABLE_USER_SCRIPT_SANDBOXING = YES;
				GCC_C_LANGUAGE_STANDARD = gnu17;
				GCC_DYNAMIC_NO_PIC = NO;
				GCC_NO_COMMON_BLOCKS = YES;
				GCC_OPTIMIZATION_LEVEL = 0;
				GCC_PREPROCESSOR_DEFINITIONS = (
					"DEBUG=1",
					"$(inherited)",
				);
				GCC_WARN_64_TO_32_BIT_CONVERSION = YES;
				GCC_WARN_ABOUT_RETURN_TYPE = YES_ERROR;
				GCC_WARN_UNDECLARED_SELECTOR = YES;
				GCC_WARN_UNINITIALIZED_AUTOS = YES_AGGRESSIVE;
				GCC_WARN_UNUSED_FUNCTION = YES;
				GCC_WARN_UNUSED_VARIABLE = YES;
				LOCALIZATION_PREFERS_STRING_CATALOGS = YES;
				MTL_ENABLE_DEBUG_INFO = INCLUDE_SOURCE;
				MTL_FAST_MATH = YES;
				ONLY_ACTIVE_ARCH = YES;
				SWIFT_ACTIVE_COMPILATION_CONDITIONS = "DEBUG $(inherited)";
				SWIFT_OPTIMIZATION_LEVEL = "-Onone";
			};
			name = Debug;
		};
		BA75AF492BFFAD7A0045D89B /* Release */ = {
			isa = XCBuildConfiguration;
			buildSettings = {
				ALWAYS_SEARCH_USER_PATHS = NO;
				ASSETCATALOG_COMPILER_GENERATE_SWIFT_ASSET_SYMBOL_EXTENSIONS = YES;
				CLANG_ANALYZER_NONNULL = YES;
				CLANG_ANALYZER_NUMBER_OBJECT_CONVERSION = YES_AGGRESSIVE;
				CLANG_CXX_LANGUAGE_STANDARD = "gnu++20";
				CLANG_ENABLE_MODULES = YES;
				CLANG_ENABLE_OBJC_ARC = YES;
				CLANG_ENABLE_OBJC_WEAK = YES;
				CLANG_WARN_BLOCK_CAPTURE_AUTORELEASING = YES;
				CLANG_WARN_BOOL_CONVERSION = YES;
				CLANG_WARN_COMMA = YES;
				CLANG_WARN_CONSTANT_CONVERSION = YES;
				CLANG_WARN_DEPRECATED_OBJC_IMPLEMENTATIONS = YES;
				CLANG_WARN_DIRECT_OBJC_ISA_USAGE = YES_ERROR;
				CLANG_WARN_DOCUMENTATION_COMMENTS = YES;
				CLANG_WARN_EMPTY_BODY = YES;
				CLANG_WARN_ENUM_CONVERSION = YES;
				CLANG_WARN_INFINITE_RECURSION = YES;
				CLANG_WARN_INT_CONVERSION = YES;
				CLANG_WARN_NON_LITERAL_NULL_CONVERSION = YES;
				CLANG_WARN_OBJC_IMPLICIT_RETAIN_SELF = YES;
				CLANG_WARN_OBJC_LITERAL_CONVERSION = YES;
				CLANG_WARN_OBJC_ROOT_CLASS = YES_ERROR;
				CLANG_WARN_QUOTED_INCLUDE_IN_FRAMEWORK_HEADER = YES;
				CLANG_WARN_RANGE_LOOP_ANALYSIS = YES;
				CLANG_WARN_STRICT_PROTOTYPES = YES;
				CLANG_WARN_SUSPICIOUS_MOVE = YES;
				CLANG_WARN_UNGUARDED_AVAILABILITY = YES_AGGRESSIVE;
				CLANG_WARN_UNREACHABLE_CODE = YES;
				CLANG_WARN__DUPLICATE_METHOD_MATCH = YES;
				COPY_PHASE_STRIP = NO;
				DEBUG_INFORMATION_FORMAT = "dwarf-with-dsym";
				ENABLE_NS_ASSERTIONS = NO;
				ENABLE_STRICT_OBJC_MSGSEND = YES;
				ENABLE_USER_SCRIPT_SANDBOXING = YES;
				GCC_C_LANGUAGE_STANDARD = gnu17;
				GCC_NO_COMMON_BLOCKS = YES;
				GCC_WARN_64_TO_32_BIT_CONVERSION = YES;
				GCC_WARN_ABOUT_RETURN_TYPE = YES_ERROR;
				GCC_WARN_UNDECLARED_SELECTOR = YES;
				GCC_WARN_UNINITIALIZED_AUTOS = YES_AGGRESSIVE;
				GCC_WARN_UNUSED_FUNCTION = YES;
				GCC_WARN_UNUSED_VARIABLE = YES;
				LOCALIZATION_PREFERS_STRING_CATALOGS = YES;
				MTL_ENABLE_DEBUG_INFO = NO;
				MTL_FAST_MATH = YES;
				SWIFT_COMPILATION_MODE = wholemodule;
			};
			name = Release;
		};
		BA75AF4B2BFFAD7A0045D89B /* Debug */ = {
			isa = XCBuildConfiguration;
			buildSettings = {
				ASSETCATALOG_COMPILER_APPICON_NAME = AppIcon;
				ASSETCATALOG_COMPILER_GLOBAL_ACCENT_COLOR_NAME = AccentColor;
				CODE_SIGN_STYLE = Automatic;
				CURRENT_PROJECT_VERSION = 1;
				DEVELOPMENT_ASSET_PATHS = "\"JgnKeluar Watch App/Preview Content\"";
				DEVELOPMENT_TEAM = CAPH2JRFFZ;
				ENABLE_PREVIEWS = YES;
				GENERATE_INFOPLIST_FILE = YES;
				INFOPLIST_FILE = "JgnKeluar-Watch-App-Info.plist";
				INFOPLIST_KEY_CFBundleDisplayName = JgnKeluar;
				INFOPLIST_KEY_UISupportedInterfaceOrientations = "UIInterfaceOrientationPortrait UIInterfaceOrientationPortraitUpsideDown";
				INFOPLIST_KEY_WKCompanionAppBundleIdentifier = com.pang.JgnKeluar;
				LD_RUNPATH_SEARCH_PATHS = (
					"$(inherited)",
					"@executable_path/Frameworks",
				);
				MARKETING_VERSION = 1.0;
				PRODUCT_BUNDLE_IDENTIFIER = com.pang.JgnKeluar.watchkitapp;
				PRODUCT_NAME = "$(TARGET_NAME)";
				SDKROOT = watchos;
				SKIP_INSTALL = YES;
				SWIFT_EMIT_LOC_STRINGS = YES;
				SWIFT_VERSION = 5.0;
				TARGETED_DEVICE_FAMILY = 4;
				WATCHOS_DEPLOYMENT_TARGET = 10.4;
			};
			name = Debug;
		};
		BA75AF4C2BFFAD7A0045D89B /* Release */ = {
			isa = XCBuildConfiguration;
			buildSettings = {
				ASSETCATALOG_COMPILER_APPICON_NAME = AppIcon;
				ASSETCATALOG_COMPILER_GLOBAL_ACCENT_COLOR_NAME = AccentColor;
				CODE_SIGN_STYLE = Automatic;
				CURRENT_PROJECT_VERSION = 1;
				DEVELOPMENT_ASSET_PATHS = "\"JgnKeluar Watch App/Preview Content\"";
				DEVELOPMENT_TEAM = CAPH2JRFFZ;
				ENABLE_PREVIEWS = YES;
				GENERATE_INFOPLIST_FILE = YES;
				INFOPLIST_FILE = "JgnKeluar-Watch-App-Info.plist";
				INFOPLIST_KEY_CFBundleDisplayName = JgnKeluar;
				INFOPLIST_KEY_UISupportedInterfaceOrientations = "UIInterfaceOrientationPortrait UIInterfaceOrientationPortraitUpsideDown";
				INFOPLIST_KEY_WKCompanionAppBundleIdentifier = com.pang.JgnKeluar;
				LD_RUNPATH_SEARCH_PATHS = (
					"$(inherited)",
					"@executable_path/Frameworks",
				);
				MARKETING_VERSION = 1.0;
				PRODUCT_BUNDLE_IDENTIFIER = com.pang.JgnKeluar.watchkitapp;
				PRODUCT_NAME = "$(TARGET_NAME)";
				SDKROOT = watchos;
				SKIP_INSTALL = YES;
				SWIFT_EMIT_LOC_STRINGS = YES;
				SWIFT_VERSION = 5.0;
				TARGETED_DEVICE_FAMILY = 4;
				VALIDATE_PRODUCT = YES;
				WATCHOS_DEPLOYMENT_TARGET = 10.4;
			};
			name = Release;
		};
		BA75AF4F2BFFAD7A0045D89B /* Debug */ = {
			isa = XCBuildConfiguration;
			buildSettings = {
				ALWAYS_EMBED_SWIFT_STANDARD_LIBRARIES = YES;
				ASSETCATALOG_COMPILER_APPICON_NAME = AppIcon;
				ASSETCATALOG_COMPILER_GLOBAL_ACCENT_COLOR_NAME = AccentColor;
				CODE_SIGN_STYLE = Automatic;
				CURRENT_PROJECT_VERSION = 1;
				DEVELOPMENT_ASSET_PATHS = "\"JgnKeluar/Preview Content\"";
				DEVELOPMENT_TEAM = CAPH2JRFFZ;
				ENABLE_PREVIEWS = YES;
				GENERATE_INFOPLIST_FILE = YES;
				INFOPLIST_FILE = JgnKeluar/Info.plist;
				INFOPLIST_KEY_CFBundleDisplayName = JgnKeluar;
				INFOPLIST_KEY_NSLocationAlwaysAndWhenInUseUsageDescription = "We want to know your current location";
				INFOPLIST_KEY_NSLocationWhenInUseUsageDescription = "We want to know your current location";
				INFOPLIST_KEY_UIApplicationSceneManifest_Generation = YES;
				INFOPLIST_KEY_UIApplicationSupportsIndirectInputEvents = YES;
				INFOPLIST_KEY_UILaunchScreen_Generation = YES;
				INFOPLIST_KEY_UISupportedInterfaceOrientations_iPad = "UIInterfaceOrientationPortrait UIInterfaceOrientationPortraitUpsideDown UIInterfaceOrientationLandscapeLeft UIInterfaceOrientationLandscapeRight";
				INFOPLIST_KEY_UISupportedInterfaceOrientations_iPhone = "UIInterfaceOrientationPortrait UIInterfaceOrientationLandscapeLeft UIInterfaceOrientationLandscapeRight";
				IPHONEOS_DEPLOYMENT_TARGET = 17.4;
				LD_RUNPATH_SEARCH_PATHS = (
					"$(inherited)",
					"@executable_path/Frameworks",
				);
				MARKETING_VERSION = 1.0;
				PRODUCT_BUNDLE_IDENTIFIER = com.pang.JgnKeluar;
				PRODUCT_NAME = "$(TARGET_NAME)";
				SDKROOT = iphoneos;
				SWIFT_EMIT_LOC_STRINGS = YES;
				SWIFT_VERSION = 5.0;
				TARGETED_DEVICE_FAMILY = "1,2";
			};
			name = Debug;
		};
		BA75AF502BFFAD7A0045D89B /* Release */ = {
			isa = XCBuildConfiguration;
			buildSettings = {
				ALWAYS_EMBED_SWIFT_STANDARD_LIBRARIES = YES;
				ASSETCATALOG_COMPILER_APPICON_NAME = AppIcon;
				ASSETCATALOG_COMPILER_GLOBAL_ACCENT_COLOR_NAME = AccentColor;
				CODE_SIGN_STYLE = Automatic;
				CURRENT_PROJECT_VERSION = 1;
				DEVELOPMENT_ASSET_PATHS = "\"JgnKeluar/Preview Content\"";
				DEVELOPMENT_TEAM = CAPH2JRFFZ;
				ENABLE_PREVIEWS = YES;
				GENERATE_INFOPLIST_FILE = YES;
				INFOPLIST_FILE = JgnKeluar/Info.plist;
				INFOPLIST_KEY_CFBundleDisplayName = JgnKeluar;
				INFOPLIST_KEY_NSLocationAlwaysAndWhenInUseUsageDescription = "We want to know your current location";
				INFOPLIST_KEY_NSLocationWhenInUseUsageDescription = "We want to know your current location";
				INFOPLIST_KEY_UIApplicationSceneManifest_Generation = YES;
				INFOPLIST_KEY_UIApplicationSupportsIndirectInputEvents = YES;
				INFOPLIST_KEY_UILaunchScreen_Generation = YES;
				INFOPLIST_KEY_UISupportedInterfaceOrientations_iPad = "UIInterfaceOrientationPortrait UIInterfaceOrientationPortraitUpsideDown UIInterfaceOrientationLandscapeLeft UIInterfaceOrientationLandscapeRight";
				INFOPLIST_KEY_UISupportedInterfaceOrientations_iPhone = "UIInterfaceOrientationPortrait UIInterfaceOrientationLandscapeLeft UIInterfaceOrientationLandscapeRight";
				IPHONEOS_DEPLOYMENT_TARGET = 17.4;
				LD_RUNPATH_SEARCH_PATHS = (
					"$(inherited)",
					"@executable_path/Frameworks",
				);
				MARKETING_VERSION = 1.0;
				PRODUCT_BUNDLE_IDENTIFIER = com.pang.JgnKeluar;
				PRODUCT_NAME = "$(TARGET_NAME)";
				SDKROOT = iphoneos;
				SWIFT_EMIT_LOC_STRINGS = YES;
				SWIFT_VERSION = 5.0;
				TARGETED_DEVICE_FAMILY = "1,2";
				VALIDATE_PRODUCT = YES;
			};
			name = Release;
		};
/* End XCBuildConfiguration section */

/* Begin XCConfigurationList section */
		BA75AF252BFFAD780045D89B /* Build configuration list for PBXProject "JgnKeluar" */ = {
			isa = XCConfigurationList;
			buildConfigurations = (
				BA75AF482BFFAD7A0045D89B /* Debug */,
				BA75AF492BFFAD7A0045D89B /* Release */,
			);
			defaultConfigurationIsVisible = 0;
			defaultConfigurationName = Release;
		};
		BA75AF4A2BFFAD7A0045D89B /* Build configuration list for PBXNativeTarget "JgnKeluar Watch App" */ = {
			isa = XCConfigurationList;
			buildConfigurations = (
				BA75AF4B2BFFAD7A0045D89B /* Debug */,
				BA75AF4C2BFFAD7A0045D89B /* Release */,
			);
			defaultConfigurationIsVisible = 0;
			defaultConfigurationName = Release;
		};
		BA75AF4E2BFFAD7A0045D89B /* Build configuration list for PBXNativeTarget "JgnKeluar" */ = {
			isa = XCConfigurationList;
			buildConfigurations = (
				BA75AF4F2BFFAD7A0045D89B /* Debug */,
				BA75AF502BFFAD7A0045D89B /* Release */,
			);
			defaultConfigurationIsVisible = 0;
			defaultConfigurationName = Release;
		};
/* End XCConfigurationList section */
	};
	rootObject = BA75AF222BFFAD780045D89B /* Project object */;
}
